
Microsoft Visual Studio Solution File, Format Version 12.00
# Visual Studio Version 17
VisualStudioVersion = 17.14.36202.13
MinimumVisualStudioVersion = 10.0.40219.1
Project("{FAE04EC0-301F-11D3-BF4B-00C04F79EFBC}") = "Lab2", "LabWork\Lab2.csproj", "{886C802D-3C32-49FC-A81B-1DA984C57BBF}"
EndProject
Project("{FAE04EC0-301F-11D3-BF4B-00C04F79EFBC}") = "Lab4", "Lab4\Lab4.csproj", "{4115A9D9-B900-404F-AE73-CA7E0F1EDB2B}"
EndProject
Project("{FAE04EC0-301F-11D3-BF4B-00C04F79EFBC}") = "Lab3", "Lab3\Lab3.csproj", "{3B98A24E-10B5-4335-8970-3A4922D74CE1}"
EndProject
Project("{FAE04EC0-301F-11D3-BF4B-00C04F79EFBC}") = "Lab1", "Lab1\Lab1.csproj", "{906933B9-D508-4C98-AE76-2A0E86988C53}"
EndProject
Project("{FAE04EC0-301F-11D3-BF4B-00C04F79EFBC}") = "Lab5", "Lab5\Lab5.csproj", "{18E89869-7942-40E7-86DF-8040256B31EC}"
EndProject
Global
	GlobalSection(SolutionConfigurationPlatforms) = preSolution
		Debug|Any CPU = Debug|Any CPU
		Release|Any CPU = Release|Any CPU
	EndGlobalSection
	GlobalSection(ProjectConfigurationPlatforms) = postSolution
		{886C802D-3C32-49FC-A81B-1DA984C57BBF}.Debug|Any CPU.ActiveCfg = Debug|Any CPU
		{886C802D-3C32-49FC-A81B-1DA984C57BBF}.Debug|Any CPU.Build.0 = Debug|Any CPU
		{886C802D-3C32-49FC-A81B-1DA984C57BBF}.Release|Any CPU.ActiveCfg = Release|Any CPU
		{886C802D-3C32-49FC-A81B-1DA984C57BBF}.Release|Any CPU.Build.0 = Release|Any CPU
		{4115A9D9-B900-404F-AE73-CA7E0F1EDB2B}.Debug|Any CPU.ActiveCfg = Debug|Any CPU
		{4115A9D9-B900-404F-AE73-CA7E0F1EDB2B}.Debug|Any CPU.Build.0 = Debug|Any CPU
		{4115A9D9-B900-404F-AE73-CA7E0F1EDB2B}.Release|Any CPU.ActiveCfg = Release|Any CPU
		{4115A9D9-B900-404F-AE73-CA7E0F1EDB2B}.Release|Any CPU.Build.0 = Release|Any CPU
		{3B98A24E-10B5-4335-8970-3A4922D74CE1}.Debug|Any CPU.ActiveCfg = Debug|Any CPU
		{3B98A24E-10B5-4335-8970-3A4922D74CE1}.Debug|Any CPU.Build.0 = Debug|Any CPU
		{3B98A24E-10B5-4335-8970-3A4922D74CE1}.Release|Any CPU.ActiveCfg = Release|Any CPU
		{3B98A24E-10B5-4335-8970-3A4922D74CE1}.Release|Any CPU.Build.0 = Release|Any CPU
		{906933B9-D508-4C98-AE76-2A0E86988C53}.Debug|Any CPU.ActiveCfg = Debug|Any CPU
		{906933B9-D508-4C98-AE76-2A0E86988C53}.Debug|Any CPU.Build.0 = Debug|Any CPU
		{906933B9-D508-4C98-AE76-2A0E86988C53}.Release|Any CPU.ActiveCfg = Release|Any CPU
		{906933B9-D508-4C98-AE76-2A0E86988C53}.Release|Any CPU.Build.0 = Release|Any CPU
		{18E89869-7942-40E7-86DF-8040256B31EC}.Debug|Any CPU.ActiveCfg = Debug|Any CPU
		{18E89869-7942-40E7-86DF-8040256B31EC}.Debug|Any CPU.Build.0 = Debug|Any CPU
		{18E89869-7942-40E7-86DF-8040256B31EC}.Release|Any CPU.ActiveCfg = Release|Any CPU
		{18E89869-7942-40E7-86DF-8040256B31EC}.Release|Any CPU.Build.0 = Release|Any CPU
	EndGlobalSection
	GlobalSection(SolutionProperties) = preSolution
		HideSolutionNode = FALSE
	EndGlobalSection
	GlobalSection(ExtensibilityGlobals) = postSolution
		SolutionGuid = {EDB68200-5669-45D1-817D-F40220707D23}
	EndGlobalSection
EndGlobal
